// !$*UTF8*$!
{
	archiveVersion = 1;
	classes = {
	};
	objectVersion = 50;
	objects = {

/* Begin PBXBuildFile section */
		842629212196A70E00A6C8E3 /* diceRandom.swift in Sources */ = {isa = PBXBuildFile; fileRef = 842629202196A70E00A6C8E3 /* diceRandom.swift */; };
		84347DB421966CFA007DAF90 /* AppDelegate.swift in Sources */ = {isa = PBXBuildFile; fileRef = 84347DB321966CFA007DAF90 /* AppDelegate.swift */; };
		84347DB621966CFA007DAF90 /* ViewController.swift in Sources */ = {isa = PBXBuildFile; fileRef = 84347DB521966CFA007DAF90 /* ViewController.swift */; };
		84347DB921966CFA007DAF90 /* Main.storyboard in Resources */ = {isa = PBXBuildFile; fileRef = 84347DB721966CFA007DAF90 /* Main.storyboard */; };
		84347DBB21966CFC007DAF90 /* Assets.xcassets in Resources */ = {isa = PBXBuildFile; fileRef = 84347DBA21966CFC007DAF90 /* Assets.xcassets */; };
		84347DBE21966CFC007DAF90 /* LaunchScreen.storyboard in Resources */ = {isa = PBXBuildFile; fileRef = 84347DBC21966CFC007DAF90 /* LaunchScreen.storyboard */; };
		843C1508219FE022003922D3 /* ProgressHUD.m in Sources */ = {isa = PBXBuildFile; fileRef = 843C1505219FE021003922D3 /* ProgressHUD.m */; };
		843C1509219FE022003922D3 /* ProgressHUD.bundle in Resources */ = {isa = PBXBuildFile; fileRef = 843C1506219FE022003922D3 /* ProgressHUD.bundle */; };
		8469545F2196F6F800543551 /* QuestionB.swift in Sources */ = {isa = PBXBuildFile; fileRef = 8469545E2196F6F800543551 /* QuestionB.swift */; };
		846954612196F71A00543551 /* Question.swift in Sources */ = {isa = PBXBuildFile; fileRef = 846954602196F71A00543551 /* Question.swift */; };
		846954642196F96200543551 /* QuesstionController.swift in Sources */ = {isa = PBXBuildFile; fileRef = 846954632196F96200543551 /* QuesstionController.swift */; };
/* End PBXBuildFile section */

/* Begin PBXFileReference section */
		842629202196A70E00A6C8E3 /* diceRandom.swift */ = {isa = PBXFileReference; lastKnownFileType = sourcecode.swift; path = diceRandom.swift; sourceTree = "<group>"; };
		84347DB021966CFA007DAF90 /* miniProject01.app */ = {isa = PBXFileReference; explicitFileType = wrapper.application; includeInIndex = 0; path = miniProject01.app; sourceTree = BUILT_PRODUCTS_DIR; };
		84347DB321966CFA007DAF90 /* AppDelegate.swift */ = {isa = PBXFileReference; lastKnownFileType = sourcecode.swift; path = AppDelegate.swift; sourceTree = "<group>"; };
		84347DB521966CFA007DAF90 /* ViewController.swift */ = {isa = PBXFileReference; lastKnownFileType = sourcecode.swift; path = ViewController.swift; sourceTree = "<group>"; };
		84347DB821966CFA007DAF90 /* Base */ = {isa = PBXFileReference; lastKnownFileType = file.storyboard; name = Base; path = Base.lproj/Main.storyboard; sourceTree = "<group>"; };
		84347DBA21966CFC007DAF90 /* Assets.xcassets */ = {isa = PBXFileReference; lastKnownFileType = folder.assetcatalog; path = Assets.xcassets; sourceTree = "<group>"; };
		84347DBD21966CFC007DAF90 /* Base */ = {isa = PBXFileReference; lastKnownFileType = file.storyboard; name = Base; path = Base.lproj/LaunchScreen.storyboard; sourceTree = "<group>"; };
		84347DBF21966CFC007DAF90 /* Info.plist */ = {isa = PBXFileReference; lastKnownFileType = text.plist.xml; path = Info.plist; sourceTree = "<group>"; };
		843C1504219FE020003922D3 /* miniProject01-Bridging-Header.h */ = {isa = PBXFileReference; lastKnownFileType = sourcecode.c.h; path = "miniProject01-Bridging-Header.h"; sourceTree = "<group>"; };
		843C1505219FE021003922D3 /* ProgressHUD.m */ = {isa = PBXFileReference; fileEncoding = 4; lastKnownFileType = sourcecode.c.objc; path = ProgressHUD.m; sourceTree = "<group>"; };
		843C1506219FE022003922D3 /* ProgressHUD.bundle */ = {isa = PBXFileReference; lastKnownFileType = "wrapper.plug-in"; path = ProgressHUD.bundle; sourceTree = "<group>"; };
		843C1507219FE022003922D3 /* ProgressHUD.h */ = {isa = PBXFileReference; fileEncoding = 4; lastKnownFileType = sourcecode.c.h; path = ProgressHUD.h; sourceTree = "<group>"; };
		8469545E2196F6F800543551 /* QuestionB.swift */ = {isa = PBXFileReference; lastKnownFileType = sourcecode.swift; path = QuestionB.swift; sourceTree = "<group>"; };
		846954602196F71A00543551 /* Question.swift */ = {isa = PBXFileReference; lastKnownFileType = sourcecode.swift; path = Question.swift; sourceTree = "<group>"; };
		846954632196F96200543551 /* QuesstionController.swift */ = {isa = PBXFileReference; lastKnownFileType = sourcecode.swift; path = QuesstionController.swift; sourceTree = "<group>"; };
/* End PBXFileReference section */

/* Begin PBXFrameworksBuildPhase section */
		84347DAD21966CFA007DAF90 /* Frameworks */ = {
			isa = PBXFrameworksBuildPhase;
			buildActionMask = 2147483647;
			files = (
			);
			runOnlyForDeploymentPostprocessing = 0;
		};
/* End PBXFrameworksBuildPhase section */

/* Begin PBXGroup section */
		84347DA721966CFA007DAF90 = {
			isa = PBXGroup;
			children = (
				84347DB221966CFA007DAF90 /* miniProject01 */,
				84347DB121966CFA007DAF90 /* Products */,
			);
			sourceTree = "<group>";
		};
		84347DB121966CFA007DAF90 /* Products */ = {
			isa = PBXGroup;
			children = (
				84347DB021966CFA007DAF90 /* miniProject01.app */,
			);
			name = Products;
			sourceTree = "<group>";
		};
		84347DB221966CFA007DAF90 /* miniProject01 */ = {
			isa = PBXGroup;
			children = (
				846954622196F72C00543551 /* model */,
				84347DB321966CFA007DAF90 /* AppDelegate.swift */,
				84347DB521966CFA007DAF90 /* ViewController.swift */,
				842629202196A70E00A6C8E3 /* diceRandom.swift */,
				846954632196F96200543551 /* QuesstionController.swift */,
				84347DB721966CFA007DAF90 /* Main.storyboard */,
				84347DBA21966CFC007DAF90 /* Assets.xcassets */,
				84347DBC21966CFC007DAF90 /* LaunchScreen.storyboard */,
				84347DBF21966CFC007DAF90 /* Info.plist */,
				843C1506219FE022003922D3 /* ProgressHUD.bundle */,
				843C1507219FE022003922D3 /* ProgressHUD.h */,
				843C1505219FE021003922D3 /* ProgressHUD.m */,
				843C1504219FE020003922D3 /* miniProject01-Bridging-Header.h */,
			);
			path = miniProject01;
			sourceTree = "<group>";
		};
		846954622196F72C00543551 /* model */ = {
			isa = PBXGroup;
			children = (
				846954602196F71A00543551 /* Question.swift */,
				8469545E2196F6F800543551 /* QuestionB.swift */,
			);
			path = model;
			sourceTree = "<group>";
		};
/* End PBXGroup section */

/* Begin PBXNativeTarget section */
		84347DAF21966CFA007DAF90 /* miniProject01 */ = {
			isa = PBXNativeTarget;
			buildConfigurationList = 84347DC221966CFC007DAF90 /* Build configuration list for PBXNativeTarget "miniProject01" */;
			buildPhases = (
				84347DAC21966CFA007DAF90 /* Sources */,
				84347DAD21966CFA007DAF90 /* Frameworks */,
				84347DAE21966CFA007DAF90 /* Resources */,
			);
			buildRules = (
			);
			dependencies = (
			);
			name = miniProject01;
			productName = miniProject01;
			productReference = 84347DB021966CFA007DAF90 /* miniProject01.app */;
			productType = "com.apple.product-type.application";
		};
/* End PBXNativeTarget section */

/* Begin PBXProject section */
		84347DA821966CFA007DAF90 /* Project object */ = {
			isa = PBXProject;
			attributes = {
				LastSwiftUpdateCheck = 1000;
				LastUpgradeCheck = 1000;
				ORGANIZATIONNAME = ICTSUIM;
				TargetAttributes = {
					84347DAF21966CFA007DAF90 = {
						CreatedOnToolsVersion = 10.0;
						LastSwiftMigration = 1000;
					};
				};
			};
			buildConfigurationList = 84347DAB21966CFA007DAF90 /* Build configuration list for PBXProject "miniProject01" */;
			compatibilityVersion = "Xcode 9.3";
			developmentRegion = en;
			hasScannedForEncodings = 0;
			knownRegions = (
				en,
				Base,
			);
			mainGroup = 84347DA721966CFA007DAF90;
			productRefGroup = 84347DB121966CFA007DAF90 /* Products */;
			projectDirPath = "";
			projectRoot = "";
			targets = (
				84347DAF21966CFA007DAF90 /* miniProject01 */,
			);
		};
/* End PBXProject section */

/* Begin PBXResourcesBuildPhase section */
		84347DAE21966CFA007DAF90 /* Resources */ = {
			isa = PBXResourcesBuildPhase;
			buildActionMask = 2147483647;
			files = (
				843C1509219FE022003922D3 /* ProgressHUD.bundle in Resources */,
				84347DBE21966CFC007DAF90 /* LaunchScreen.storyboard in Resources */,
				84347DBB21966CFC007DAF90 /* Assets.xcassets in Resources */,
				84347DB921966CFA007DAF90 /* Main.storyboard in Resources */,
			);
			runOnlyForDeploymentPostprocessing = 0;
		};
/* End PBXResourcesBuildPhase section */

/* Begin PBXSourcesBuildPhase section */
		84347DAC21966CFA007DAF90 /* Sources */ = {
			isa = PBXSourcesBuildPhase;
			buildActionMask = 2147483647;
			files = (
				846954612196F71A00543551 /* Question.swift in Sources */,
				8469545F2196F6F800543551 /* QuestionB.swift in Sources */,
				84347DB621966CFA007DAF90 /* ViewController.swift in Sources */,
				843C1508219FE022003922D3 /* ProgressHUD.m in Sources */,
				84347DB421966CFA007DAF90 /* AppDelegate.swift in Sources */,
				842629212196A70E00A6C8E3 /* diceRandom.swift in Sources */,
				846954642196F96200543551 /* QuesstionController.swift in Sources */,
			);
			runOnlyForDeploymentPostprocessing = 0;
		};
/* End PBXSourcesBuildPhase section */

/* Begin PBXVariantGroup section */
		84347DB721966CFA007DAF90 /* Main.storyboard */ = {
			isa = PBXVariantGroup;
			children = (
				84347DB821966CFA007DAF90 /* Base */,
			);
			name = Main.storyboard;
			sourceTree = "<group>";
		};
		84347DBC21966CFC007DAF90 /* LaunchScreen.storyboard */ = {
			isa = PBXVariantGroup;
			children = (
				84347DBD21966CFC007DAF90 /* Base */,
			);
			name = LaunchScreen.storyboard;
			sourceTree = "<group>";
		};
/* End PBXVariantGroup section */

/* Begin XCBuildConfiguration section */
		84347DC021966CFC007DAF90 /* Debug */ = {
			isa = XCBuildConfiguration;
			buildSettings = {
				ALWAYS_SEARCH_USER_PATHS = NO;
				CLANG_ANALYZER_NONNULL = YES;
				CLANG_ANALYZER_NUMBER_OBJECT_CONVERSION = YES_AGGRESSIVE;
				CLANG_CXX_LANGUAGE_STANDARD = "gnu++14";
				CLANG_CXX_LIBRARY = "libc++";
				CLANG_ENABLE_MODULES = YES;
				CLANG_ENABLE_OBJC_ARC = YES;
				CLANG_ENABLE_OBJC_WEAK = YES;
				CLANG_WARN_BLOCK_CAPTURE_AUTORELEASING = YES;
				CLANG_WARN_BOOL_CONVERSION = YES;
				CLANG_WARN_COMMA = YES;
				CLANG_WARN_CONSTANT_CONVERSION = YES;
				CLANG_WARN_DEPRECATED_OBJC_IMPLEMENTATIONS = YES;
				CLANG_WARN_DIRECT_OBJC_ISA_USAGE = YES_ERROR;
				CLANG_WARN_DOCUMENTATION_COMMENTS = YES;
				CLANG_WARN_EMPTY_BODY = YES;
				CLANG_WARN_ENUM_CONVERSION = YES;
				CLANG_WARN_INFINITE_RECURSION = YES;
				CLANG_WARN_INT_CONVERSION = YES;
				CLANG_WARN_NON_LITERAL_NULL_CONVERSION = YES;
				CLANG_WARN_OBJC_IMPLICIT_RETAIN_SELF = YES;
				CLANG_WARN_OBJC_LITERAL_CONVERSION = YES;
				CLANG_WARN_OBJC_ROOT_CLASS = YES_ERROR;
				CLANG_WARN_RANGE_LOOP_ANALYSIS = YES;
				CLANG_WARN_STRICT_PROTOTYPES = YES;
				CLANG_WARN_SUSPICIOUS_MOVE = YES;
				CLANG_WARN_UNGUARDED_AVAILABILITY = YES_AGGRESSIVE;
				CLANG_WARN_UNREACHABLE_CODE = YES;
				CLANG_WARN__DUPLICATE_METHOD_MATCH = YES;
				CODE_SIGN_IDENTITY = "iPhone Developer";
				COPY_PHASE_STRIP = NO;
				DEBUG_INFORMATION_FORMAT = dwarf;
				ENABLE_STRICT_OBJC_MSGSEND = YES;
				ENABLE_TESTABILITY = YES;
				GCC_C_LANGUAGE_STANDARD = gnu11;
				GCC_DYNAMIC_NO_PIC = NO;
				GCC_NO_COMMON_BLOCKS = YES;
				GCC_OPTIMIZATION_LEVEL = 0;
				GCC_PREPROCESSOR_DEFINITIONS = (
					"DEBUG=1",
					"$(inherited)",
				);
				GCC_WARN_64_TO_32_BIT_CONVERSION = YES;
				GCC_WARN_ABOUT_RETURN_TYPE = YES_ERROR;
				GCC_WARN_UNDECLARED_SELECTOR = YES;
				GCC_WARN_UNINITIALIZED_AUTOS = YES_AGGRESSIVE;
				GCC_WARN_UNUSED_FUNCTION = YES;
				GCC_WARN_UNUSED_VARIABLE = YES;
				IPHONEOS_DEPLOYMENT_TARGET = 12.0;
				MTL_ENABLE_DEBUG_INFO = INCLUDE_SOURCE;
				MTL_FAST_MATH = YES;
				ONLY_ACTIVE_ARCH = YES;
				SDKROOT = iphoneos;
				SWIFT_ACTIVE_COMPILATION_CONDITIONS = DEBUG;
				SWIFT_OPTIMIZATION_LEVEL = "-Onone";
			};
			name = Debug;
		};
		84347DC121966CFC007DAF90 /* Release */ = {
			isa = XCBuildConfiguration;
			buildSettings = {
				ALWAYS_SEARCH_USER_PATHS = NO;
				CLANG_ANALYZER_NONNULL = YES;
				CLANG_ANALYZER_NUMBER_OBJECT_CONVERSION = YES_AGGRESSIVE;
				CLANG_CXX_LANGUAGE_STANDARD = "gnu++14";
				CLANG_CXX_LIBRARY = "libc++";
				CLANG_ENABLE_MODULES = YES;
				CLANG_ENABLE_OBJC_ARC = YES;
				CLANG_ENABLE_OBJC_WEAK = YES;
				CLANG_WARN_BLOCK_CAPTURE_AUTORELEASING = YES;
				CLANG_WARN_BOOL_CONVERSION = YES;
				CLANG_WARN_COMMA = YES;
				CLANG_WARN_CONSTANT_CONVERSION = YES;
				CLANG_WARN_DEPRECATED_OBJC_IMPLEMENTATIONS = YES;
				CLANG_WARN_DIRECT_OBJC_ISA_USAGE = YES_ERROR;
				CLANG_WARN_DOCUMENTATION_COMMENTS = YES;
				CLANG_WARN_EMPTY_BODY = YES;
				CLANG_WARN_ENUM_CONVERSION = YES;
				CLANG_WARN_INFINITE_RECURSION = YES;
				CLANG_WARN_INT_CONVERSION = YES;
				CLANG_WARN_NON_LITERAL_NULL_CONVERSION = YES;
				CLANG_WARN_OBJC_IMPLICIT_RETAIN_SELF = YES;
				CLANG_WARN_OBJC_LITERAL_CONVERSION = YES;
				CLANG_WARN_OBJC_ROOT_CLASS = YES_ERROR;
				CLANG_WARN_RANGE_LOOP_ANALYSIS = YES;
				CLANG_WARN_STRICT_PROTOTYPES = YES;
				CLANG_WARN_SUSPICIOUS_MOVE = YES;
				CLANG_WARN_UNGUARDED_AVAILABILITY = YES_AGGRESSIVE;
				CLANG_WARN_UNREACHABLE_CODE = YES;
				CLANG_WARN__DUPLICATE_METHOD_MATCH = YES;
				CODE_SIGN_IDENTITY = "iPhone Developer";
				COPY_PHASE_STRIP = NO;
				DEBUG_INFORMATION_FORMAT = "dwarf-with-dsym";
				ENABLE_NS_ASSERTIONS = NO;
				ENABLE_STRICT_OBJC_MSGSEND = YES;
				GCC_C_LANGUAGE_STANDARD = gnu11;
				GCC_NO_COMMON_BLOCKS = YES;
				GCC_WARN_64_TO_32_BIT_CONVERSION = YES;
				GCC_WARN_ABOUT_RETURN_TYPE = YES_ERROR;
				GCC_WARN_UNDECLARED_SELECTOR = YES;
				GCC_WARN_UNINITIALIZED_AUTOS = YES_AGGRESSIVE;
				GCC_WARN_UNUSED_FUNCTION = YES;
				GCC_WARN_UNUSED_VARIABLE = YES;
				IPHONEOS_DEPLOYMENT_TARGET = 12.0;
				MTL_ENABLE_DEBUG_INFO = NO;
				MTL_FAST_MATH = YES;
				SDKROOT = iphoneos;
				SWIFT_COMPILATION_MODE = wholemodule;
				SWIFT_OPTIMIZATION_LEVEL = "-O";
				VALIDATE_PRODUCT = YES;
			};
			name = Release;
		};
		84347DC321966CFC007DAF90 /* Debug */ = {
			isa = XCBuildConfiguration;
			buildSettings = {
				ASSETCATALOG_COMPILER_APPICON_NAME = AppIcon;
				CLANG_ENABLE_MODULES = YES;
				CODE_SIGN_STYLE = Automatic;
				DEVELOPMENT_TEAM = J9G6MVX8UR;
				INFOPLIST_FILE = miniProject01/Info.plist;
				LD_RUNPATH_SEARCH_PATHS = (
					"$(inherited)",
					"@executable_path/Frameworks",
				);
				PRODUCT_BUNDLE_IDENTIFIER = th.ac.su.ict.kamonchanok.miniProject01;
				PRODUCT_NAME = "$(TARGET_NAME)";
				SWIFT_OBJC_BRIDGING_HEADER = "miniProject01/miniProject01-Bridging-Header.h";
				SWIFT_OPTIMIZATION_LEVEL = "-Onone";
				SWIFT_VERSION = 4.2;
				TARGETED_DEVICE_FAMILY = "1,2";
			};
			name = Debug;
		};
		84347DC421966CFC007DAF90 /* Release */ = {
			isa = XCBuildConfiguration;
			buildSettings = {
				ASSETCATALOG_COMPILER_APPICON_NAME = AppIcon;
				CLANG_ENABLE_MODULES = YES;
				CODE_SIGN_STYLE = Automatic;
				DEVELOPMENT_TEAM = J9G6MVX8UR;
				INFOPLIST_FILE = miniProject01/Info.plist;
				LD_RUNPATH_SEARCH_PATHS = (
					"$(inherited)",
					"@executable_path/Frameworks",
				);
				PRODUCT_BUNDLE_IDENTIFIER = th.ac.su.ict.kamonchanok.miniProject01;
				PRODUCT_NAME = "$(TARGET_NAME)";
				SWIFT_OBJC_BRIDGING_HEADER = "miniProject01/miniProject01-Bridging-Header.h";
				SWIFT_VERSION = 4.2;
				TARGETED_DEVICE_FAMILY = "1,2";
			};
			name = Release;
		};
/* End XCBuildConfiguration section */

/* Begin XCConfigurationList section */
		84347DAB21966CFA007DAF90 /* Build configuration list for PBXProject "miniProject01" */ = {
			isa = XCConfigurationList;
			buildConfigurations = (
				84347DC021966CFC007DAF90 /* Debug */,
				84347DC121966CFC007DAF90 /* Release */,
			);
			defaultConfigurationIsVisible = 0;
			defaultConfigurationName = Release;
		};
		84347DC221966CFC007DAF90 /* Build configuration list for PBXNativeTarget "miniProject01" */ = {
			isa = XCConfigurationList;
			buildConfigurations = (
				84347DC321966CFC007DAF90 /* Debug */,
				84347DC421966CFC007DAF90 /* Release */,
			);
			defaultConfigurationIsVisible = 0;
			defaultConfigurationName = Release;
		};
/* End XCConfigurationList section */
	};
	rootObject = 84347DA821966CFA007DAF90 /* Project object */;
}
